<?xml version="1.0" encoding="utf-8"?>
<Project ToolsVersion="4.0" xmlns="http://schemas.microsoft.com/developer/msbuild/2003">
  <ItemGroup>
    <ClCompile Include="AlphaBetaBreakthroughPlayer.cpp" />
    <ClCompile Include="BoardGameMove.cpp" />
    <ClCompile Include="BoardGameState.cpp" />
    <ClCompile Include="BreakthroughState.cpp" />
    <ClCompile Include="ClobberState.cpp" />
    <ClCompile Include="DomineeringState.cpp" />
    <ClCompile Include="GamePlayer.cpp" />
    <ClCompile Include="GameState.cpp" />
    <ClCompile Include="GameStateFactory.cpp" />
    <ClCompile Include="Heuristic.cpp" />
    <ClCompile Include="main.cpp" />
    <ClCompile Include="Network.cpp" />
    <ClCompile Include="Params.cpp" />
    <ClCompile Include="RandomBreakthroughPlayer.cpp" />
    <ClCompile Include="RandomDomineeringPlayer.cpp" />
    <ClCompile Include="HashValue.cpp" />
  </ItemGroup>
  <ItemGroup>
    <ClInclude Include="AlphaBetaBreakthroughPlayer.h" />
    <ClInclude Include="BoardGameMove.h" />
    <ClInclude Include="BoardGameState.h" />
    <ClInclude Include="BreakthroughMove.h" />
    <ClInclude Include="BreakthroughState.h" />
    <ClInclude Include="ClobberMove.h" />
    <ClInclude Include="ClobberState.h" />
    <ClInclude Include="DomineeringMove.h" />
    <ClInclude Include="DomineeringState.h" />
    <ClInclude Include="DoublePosBoardGameMove.h" />
    <ClInclude Include="GameMove.h" />
    <ClInclude Include="GamePlayer.h" />
    <ClInclude Include="GameState.h" />
    <ClInclude Include="GameStateFactory.h" />
    <ClInclude Include="Heuristic.h" />
    <ClInclude Include="main.h" />
    <ClInclude Include="Network.h" />
    <ClInclude Include="Params.h" />
    <ClInclude Include="RandomBreakthroughPlayer.h" />
    <ClInclude Include="RandomDomineeringPlayer.h" />
    <ClInclude Include="ScoredBreakthroughMove.h" />
  </ItemGroup>
  <ItemGroup>
    <Text Include="bt1.txt" />
    <Text Include="bt2.txt" />
    <Text Include="bt3.txt" />
    <Text Include="bt4.txt" />
    <Text Include="config\breakthrough.txt" />
    <Text Include="config\clobber.txt" />
    <Text Include="config\domineering.txt" />
    <Text Include="config\tournament.txt" />
  </ItemGroup>
</Project>